// !$*UTF8*$!
{
	archiveVersion = 1;
	classes = {
	};
	objectVersion = 50;
	objects = {

/* Begin PBXBuildFile section */
		8905E60421A55E8800D16158 /* AppDelegate.swift in Sources */ = {isa = PBXBuildFile; fileRef = 8905E60321A55E8800D16158 /* AppDelegate.swift */; };
		8905E60621A55E8800D16158 /* ViewController.swift in Sources */ = {isa = PBXBuildFile; fileRef = 8905E60521A55E8800D16158 /* ViewController.swift */; };
		8905E60921A55E8800D16158 /* Main.storyboard in Resources */ = {isa = PBXBuildFile; fileRef = 8905E60721A55E8800D16158 /* Main.storyboard */; };
		8905E60B21A55E8A00D16158 /* Assets.xcassets in Resources */ = {isa = PBXBuildFile; fileRef = 8905E60A21A55E8A00D16158 /* Assets.xcassets */; };
		8905E60E21A55E8A00D16158 /* LaunchScreen.storyboard in Resources */ = {isa = PBXBuildFile; fileRef = 8905E60C21A55E8A00D16158 /* LaunchScreen.storyboard */; };
		8905E61A21A55EF700D16158 /* MovieTableViewCell.swift in Sources */ = {isa = PBXBuildFile; fileRef = 8905E61921A55EF700D16158 /* MovieTableViewCell.swift */; };
		8905E61D21A562C800D16158 /* Extensions.swift in Sources */ = {isa = PBXBuildFile; fileRef = 8905E61C21A562C800D16158 /* Extensions.swift */; };
/* End PBXBuildFile section */

/* Begin PBXFileReference section */
		8905E60021A55E8800D16158 /* ExpandCellAnimation.app */ = {isa = PBXFileReference; explicitFileType = wrapper.application; includeInIndex = 0; path = ExpandCellAnimation.app; sourceTree = BUILT_PRODUCTS_DIR; };
		8905E60321A55E8800D16158 /* AppDelegate.swift */ = {isa = PBXFileReference; lastKnownFileType = sourcecode.swift; path = AppDelegate.swift; sourceTree = "<group>"; };
		8905E60521A55E8800D16158 /* ViewController.swift */ = {isa = PBXFileReference; lastKnownFileType = sourcecode.swift; path = ViewController.swift; sourceTree = "<group>"; };
		8905E60821A55E8800D16158 /* Base */ = {isa = PBXFileReference; lastKnownFileType = file.storyboard; name = Base; path = Base.lproj/Main.storyboard; sourceTree = "<group>"; };
		8905E60A21A55E8A00D16158 /* Assets.xcassets */ = {isa = PBXFileReference; lastKnownFileType = folder.assetcatalog; path = Assets.xcassets; sourceTree = "<group>"; };
		8905E60D21A55E8A00D16158 /* Base */ = {isa = PBXFileReference; lastKnownFileType = file.storyboard; name = Base; path = Base.lproj/LaunchScreen.storyboard; sourceTree = "<group>"; };
		8905E60F21A55E8A00D16158 /* Info.plist */ = {isa = PBXFileReference; lastKnownFileType = text.plist.xml; path = Info.plist; sourceTree = "<group>"; };
		8905E61921A55EF700D16158 /* MovieTableViewCell.swift */ = {isa = PBXFileReference; lastKnownFileType = sourcecode.swift; path = MovieTableViewCell.swift; sourceTree = "<group>"; };
		8905E61C21A562C800D16158 /* Extensions.swift */ = {isa = PBXFileReference; lastKnownFileType = sourcecode.swift; path = Extensions.swift; sourceTree = "<group>"; };
/* End PBXFileReference section */

/* Begin PBXFrameworksBuildPhase section */
		8905E5FD21A55E8800D16158 /* Frameworks */ = {
			isa = PBXFrameworksBuildPhase;
			buildActionMask = 2147483647;
			files = (
			);
			runOnlyForDeploymentPostprocessing = 0;
		};
/* End PBXFrameworksBuildPhase section */

/* Begin PBXGroup section */
		8905E5F721A55E8800D16158 = {
			isa = PBXGroup;
			children = (
				8905E60221A55E8800D16158 /* ExpandCellAnimation */,
				8905E60121A55E8800D16158 /* Products */,
			);
			sourceTree = "<group>";
		};
		8905E60121A55E8800D16158 /* Products */ = {
			isa = PBXGroup;
			children = (
				8905E60021A55E8800D16158 /* ExpandCellAnimation.app */,
			);
			name = Products;
			sourceTree = "<group>";
		};
		8905E60221A55E8800D16158 /* ExpandCellAnimation */ = {
			isa = PBXGroup;
			children = (
				8905E61B21A562B700D16158 /* Helpers */,
				8905E61821A55ECF00D16158 /* CustomCells */,
				8905E61521A55EAE00D16158 /* ViewControllers */,
				8905E60321A55E8800D16158 /* AppDelegate.swift */,
				8905E60721A55E8800D16158 /* Main.storyboard */,
				8905E60A21A55E8A00D16158 /* Assets.xcassets */,
				8905E60C21A55E8A00D16158 /* LaunchScreen.storyboard */,
				8905E60F21A55E8A00D16158 /* Info.plist */,
			);
			path = ExpandCellAnimation;
			sourceTree = "<group>";
		};
		8905E61521A55EAE00D16158 /* ViewControllers */ = {
			isa = PBXGroup;
			children = (
				8905E60521A55E8800D16158 /* ViewController.swift */,
			);
			path = ViewControllers;
			sourceTree = "<group>";
		};
		8905E61821A55ECF00D16158 /* CustomCells */ = {
			isa = PBXGroup;
			children = (
				8905E61921A55EF700D16158 /* MovieTableViewCell.swift */,
			);
			path = CustomCells;
			sourceTree = "<group>";
		};
		8905E61B21A562B700D16158 /* Helpers */ = {
			isa = PBXGroup;
			children = (
				8905E61C21A562C800D16158 /* Extensions.swift */,
			);
			path = Helpers;
			sourceTree = "<group>";
		};
/* End PBXGroup section */

/* Begin PBXNativeTarget section */
		8905E5FF21A55E8800D16158 /* ExpandCellAnimation */ = {
			isa = PBXNativeTarget;
			buildConfigurationList = 8905E61221A55E8A00D16158 /* Build configuration list for PBXNativeTarget "ExpandCellAnimation" */;
			buildPhases = (
				8905E5FC21A55E8800D16158 /* Sources */,
				8905E5FD21A55E8800D16158 /* Frameworks */,
				8905E5FE21A55E8800D16158 /* Resources */,
			);
			buildRules = (
			);
			dependencies = (
			);
			name = ExpandCellAnimation;
			productName = ExpandCellAnimation;
			productReference = 8905E60021A55E8800D16158 /* ExpandCellAnimation.app */;
			productType = "com.apple.product-type.application";
		};
/* End PBXNativeTarget section */

/* Begin PBXProject section */
		8905E5F821A55E8800D16158 /* Project object */ = {
			isa = PBXProject;
			attributes = {
				LastSwiftUpdateCheck = 1000;
				LastUpgradeCheck = 1000;
				ORGANIZATIONNAME = MyOrg;
				TargetAttributes = {
					8905E5FF21A55E8800D16158 = {
						CreatedOnToolsVersion = 10.0;
					};
				};
			};
			buildConfigurationList = 8905E5FB21A55E8800D16158 /* Build configuration list for PBXProject "ExpandCellAnimation" */;
			compatibilityVersion = "Xcode 9.3";
			developmentRegion = en;
			hasScannedForEncodings = 0;
			knownRegions = (
				en,
				Base,
			);
			mainGroup = 8905E5F721A55E8800D16158;
			productRefGroup = 8905E60121A55E8800D16158 /* Products */;
			projectDirPath = "";
			projectRoot = "";
			targets = (
				8905E5FF21A55E8800D16158 /* ExpandCellAnimation */,
			);
		};
/* End PBXProject section */

/* Begin PBXResourcesBuildPhase section */
		8905E5FE21A55E8800D16158 /* Resources */ = {
			isa = PBXResourcesBuildPhase;
			buildActionMask = 2147483647;
			files = (
				8905E60E21A55E8A00D16158 /* LaunchScreen.storyboard in Resources */,
				8905E60B21A55E8A00D16158 /* Assets.xcassets in Resources */,
				8905E60921A55E8800D16158 /* Main.storyboard in Resources */,
			);
			runOnlyForDeploymentPostprocessing = 0;
		};
/* End PBXResourcesBuildPhase section */

/* Begin PBXSourcesBuildPhase section */
		8905E5FC21A55E8800D16158 /* Sources */ = {
			isa = PBXSourcesBuildPhase;
			buildActionMask = 2147483647;
			files = (
				8905E61D21A562C800D16158 /* Extensions.swift in Sources */,
				8905E60621A55E8800D16158 /* ViewController.swift in Sources */,
				8905E60421A55E8800D16158 /* AppDelegate.swift in Sources */,
				8905E61A21A55EF700D16158 /* MovieTableViewCell.swift in Sources */,
			);
			runOnlyForDeploymentPostprocessing = 0;
		};
/* End PBXSourcesBuildPhase section */

/* Begin PBXVariantGroup section */
		8905E60721A55E8800D16158 /* Main.storyboard */ = {
			isa = PBXVariantGroup;
			children = (
				8905E60821A55E8800D16158 /* Base */,
			);
			name = Main.storyboard;
			sourceTree = "<group>";
		};
		8905E60C21A55E8A00D16158 /* LaunchScreen.storyboard */ = {
			isa = PBXVariantGroup;
			children = (
				8905E60D21A55E8A00D16158 /* Base */,
			);
			name = LaunchScreen.storyboard;
			sourceTree = "<group>";
		};
/* End PBXVariantGroup section */

/* Begin XCBuildConfiguration section */
		8905E61021A55E8A00D16158 /* Debug */ = {
			isa = XCBuildConfiguration;
			buildSettings = {
				ALWAYS_SEARCH_USER_PATHS = NO;
				CLANG_ANALYZER_NONNULL = YES;
				CLANG_ANALYZER_NUMBER_OBJECT_CONVERSION = YES_AGGRESSIVE;
				CLANG_CXX_LANGUAGE_STANDARD = "gnu++14";
				CLANG_CXX_LIBRARY = "libc++";
				CLANG_ENABLE_MODULES = YES;
				CLANG_ENABLE_OBJC_ARC = YES;
				CLANG_ENABLE_OBJC_WEAK = YES;
				CLANG_WARN_BLOCK_CAPTURE_AUTORELEASING = YES;
				CLANG_WARN_BOOL_CONVERSION = YES;
				CLANG_WARN_COMMA = YES;
				CLANG_WARN_CONSTANT_CONVERSION = YES;
				CLANG_WARN_DEPRECATED_OBJC_IMPLEMENTATIONS = YES;
				CLANG_WARN_DIRECT_OBJC_ISA_USAGE = YES_ERROR;
				CLANG_WARN_DOCUMENTATION_COMMENTS = YES;
				CLANG_WARN_EMPTY_BODY = YES;
				CLANG_WARN_ENUM_CONVERSION = YES;
				CLANG_WARN_INFINITE_RECURSION = YES;
				CLANG_WARN_INT_CONVERSION = YES;
				CLANG_WARN_NON_LITERAL_NULL_CONVERSION = YES;
				CLANG_WARN_OBJC_IMPLICIT_RETAIN_SELF = YES;
				CLANG_WARN_OBJC_LITERAL_CONVERSION = YES;
				CLANG_WARN_OBJC_ROOT_CLASS = YES_ERROR;
				CLANG_WARN_RANGE_LOOP_ANALYSIS = YES;
				CLANG_WARN_STRICT_PROTOTYPES = YES;
				CLANG_WARN_SUSPICIOUS_MOVE = YES;
				CLANG_WARN_UNGUARDED_AVAILABILITY = YES_AGGRESSIVE;
				CLANG_WARN_UNREACHABLE_CODE = YES;
				CLANG_WARN__DUPLICATE_METHOD_MATCH = YES;
				CODE_SIGN_IDENTITY = "iPhone Developer";
				COPY_PHASE_STRIP = NO;
				DEBUG_INFORMATION_FORMAT = dwarf;
				ENABLE_STRICT_OBJC_MSGSEND = YES;
				ENABLE_TESTABILITY = YES;
				GCC_C_LANGUAGE_STANDARD = gnu11;
				GCC_DYNAMIC_NO_PIC = NO;
				GCC_NO_COMMON_BLOCKS = YES;
				GCC_OPTIMIZATION_LEVEL = 0;
				GCC_PREPROCESSOR_DEFINITIONS = (
					"DEBUG=1",
					"$(inherited)",
				);
				GCC_WARN_64_TO_32_BIT_CONVERSION = YES;
				GCC_WARN_ABOUT_RETURN_TYPE = YES_ERROR;
				GCC_WARN_UNDECLARED_SELECTOR = YES;
				GCC_WARN_UNINITIALIZED_AUTOS = YES_AGGRESSIVE;
				GCC_WARN_UNUSED_FUNCTION = YES;
				GCC_WARN_UNUSED_VARIABLE = YES;
				IPHONEOS_DEPLOYMENT_TARGET = 12.0;
				MTL_ENABLE_DEBUG_INFO = INCLUDE_SOURCE;
				MTL_FAST_MATH = YES;
				ONLY_ACTIVE_ARCH = YES;
				SDKROOT = iphoneos;
				SWIFT_ACTIVE_COMPILATION_CONDITIONS = DEBUG;
				SWIFT_OPTIMIZATION_LEVEL = "-Onone";
			};
			name = Debug;
		};
		8905E61121A55E8A00D16158 /* Release */ = {
			isa = XCBuildConfiguration;
			buildSettings = {
				ALWAYS_SEARCH_USER_PATHS = NO;
				CLANG_ANALYZER_NONNULL = YES;
				CLANG_ANALYZER_NUMBER_OBJECT_CONVERSION = YES_AGGRESSIVE;
				CLANG_CXX_LANGUAGE_STANDARD = "gnu++14";
				CLANG_CXX_LIBRARY = "libc++";
				CLANG_ENABLE_MODULES = YES;
				CLANG_ENABLE_OBJC_ARC = YES;
				CLANG_ENABLE_OBJC_WEAK = YES;
				CLANG_WARN_BLOCK_CAPTURE_AUTORELEASING = YES;
				CLANG_WARN_BOOL_CONVERSION = YES;
				CLANG_WARN_COMMA = YES;
				CLANG_WARN_CONSTANT_CONVERSION = YES;
				CLANG_WARN_DEPRECATED_OBJC_IMPLEMENTATIONS = YES;
				CLANG_WARN_DIRECT_OBJC_ISA_USAGE = YES_ERROR;
				CLANG_WARN_DOCUMENTATION_COMMENTS = YES;
				CLANG_WARN_EMPTY_BODY = YES;
				CLANG_WARN_ENUM_CONVERSION = YES;
				CLANG_WARN_INFINITE_RECURSION = YES;
				CLANG_WARN_INT_CONVERSION = YES;
				CLANG_WARN_NON_LITERAL_NULL_CONVERSION = YES;
				CLANG_WARN_OBJC_IMPLICIT_RETAIN_SELF = YES;
				CLANG_WARN_OBJC_LITERAL_CONVERSION = YES;
				CLANG_WARN_OBJC_ROOT_CLASS = YES_ERROR;
				CLANG_WARN_RANGE_LOOP_ANALYSIS = YES;
				CLANG_WARN_STRICT_PROTOTYPES = YES;
				CLANG_WARN_SUSPICIOUS_MOVE = YES;
				CLANG_WARN_UNGUARDED_AVAILABILITY = YES_AGGRESSIVE;
				CLANG_WARN_UNREACHABLE_CODE = YES;
				CLANG_WARN__DUPLICATE_METHOD_MATCH = YES;
				CODE_SIGN_IDENTITY = "iPhone Developer";
				COPY_PHASE_STRIP = NO;
				DEBUG_INFORMATION_FORMAT = "dwarf-with-dsym";
				ENABLE_NS_ASSERTIONS = NO;
				ENABLE_STRICT_OBJC_MSGSEND = YES;
				GCC_C_LANGUAGE_STANDARD = gnu11;
				GCC_NO_COMMON_BLOCKS = YES;
				GCC_WARN_64_TO_32_BIT_CONVERSION = YES;
				GCC_WARN_ABOUT_RETURN_TYPE = YES_ERROR;
				GCC_WARN_UNDECLARED_SELECTOR = YES;
				GCC_WARN_UNINITIALIZED_AUTOS = YES_AGGRESSIVE;
				GCC_WARN_UNUSED_FUNCTION = YES;
				GCC_WARN_UNUSED_VARIABLE = YES;
				IPHONEOS_DEPLOYMENT_TARGET = 12.0;
				MTL_ENABLE_DEBUG_INFO = NO;
				MTL_FAST_MATH = YES;
				SDKROOT = iphoneos;
				SWIFT_COMPILATION_MODE = wholemodule;
				SWIFT_OPTIMIZATION_LEVEL = "-O";
				VALIDATE_PRODUCT = YES;
			};
			name = Release;
		};
		8905E61321A55E8A00D16158 /* Debug */ = {
			isa = XCBuildConfiguration;
			buildSettings = {
				ASSETCATALOG_COMPILER_APPICON_NAME = AppIcon;
				CODE_SIGN_STYLE = Automatic;
				DEVELOPMENT_TEAM = H28X75MLUY;
				INFOPLIST_FILE = ExpandCellAnimation/Info.plist;
				LD_RUNPATH_SEARCH_PATHS = (
					"$(inherited)",
					"@executable_path/Frameworks",
				);
				PRODUCT_BUNDLE_IDENTIFIER = com.myCompany.ExpandCellAnimation;
				PRODUCT_NAME = "$(TARGET_NAME)";
				SWIFT_VERSION = 4.2;
				TARGETED_DEVICE_FAMILY = "1,2";
			};
			name = Debug;
		};
		8905E61421A55E8A00D16158 /* Release */ = {
			isa = XCBuildConfiguration;
			buildSettings = {
				ASSETCATALOG_COMPILER_APPICON_NAME = AppIcon;
				CODE_SIGN_STYLE = Automatic;
				DEVELOPMENT_TEAM = H28X75MLUY;
				INFOPLIST_FILE = ExpandCellAnimation/Info.plist;
				LD_RUNPATH_SEARCH_PATHS = (
					"$(inherited)",
					"@executable_path/Frameworks",
				);
				PRODUCT_BUNDLE_IDENTIFIER = com.myCompany.ExpandCellAnimation;
				PRODUCT_NAME = "$(TARGET_NAME)";
				SWIFT_VERSION = 4.2;
				TARGETED_DEVICE_FAMILY = "1,2";
			};
			name = Release;
		};
/* End XCBuildConfiguration section */

/* Begin XCConfigurationList section */
		8905E5FB21A55E8800D16158 /* Build configuration list for PBXProject "ExpandCellAnimation" */ = {
			isa = XCConfigurationList;
			buildConfigurations = (
				8905E61021A55E8A00D16158 /* Debug */,
				8905E61121A55E8A00D16158 /* Release */,
			);
			defaultConfigurationIsVisible = 0;
			defaultConfigurationName = Release;
		};
		8905E61221A55E8A00D16158 /* Build configuration list for PBXNativeTarget "ExpandCellAnimation" */ = {
			isa = XCConfigurationList;
			buildConfigurations = (
				8905E61321A55E8A00D16158 /* Debug */,
				8905E61421A55E8A00D16158 /* Release */,
			);
			defaultConfigurationIsVisible = 0;
			defaultConfigurationName = Release;
		};
/* End XCConfigurationList section */
	};
	rootObject = 8905E5F821A55E8800D16158 /* Project object */;
}
